
Microsoft Visual Studio Solution File, Format Version 12.00
# Visual Studio Version 17
VisualStudioVersion = 17.8.34330.188
MinimumVisualStudioVersion = 10.0.40219.1
Project("{FAE04EC0-301F-11D3-BF4B-00C04F79EFBC}") = "EmploymentAgency", "EmploymentAgency\EmploymentAgency.csproj", "{EBBF8A71-9BFF-4C11-BA7C-31F1E23881BA}"
EndProject
Global
	GlobalSection(SolutionConfigurationPlatforms) = preSolution
		Debug|Any CPU = Debug|Any CPU
		Release|Any CPU = Release|Any CPU
	EndGlobalSection
	GlobalSection(ProjectConfigurationPlatforms) = postSolution
		{EBBF8A71-9BFF-4C11-BA7C-31F1E23881BA}.Debug|Any CPU.ActiveCfg = Debug|Any CPU
		{EBBF8A71-9BFF-4C11-BA7C-31F1E23881BA}.Debug|Any CPU.Build.0 = Debug|Any CPU
		{EBBF8A71-9BFF-4C11-BA7C-31F1E23881BA}.Release|Any CPU.ActiveCfg = Release|Any CPU
		{EBBF8A71-9BFF-4C11-BA7C-31F1E23881BA}.Release|Any CPU.Build.0 = Release|Any CPU
	EndGlobalSection
	GlobalSection(SolutionProperties) = preSolution
		HideSolutionNode = FALSE
	EndGlobalSection
	GlobalSection(ExtensibilityGlobals) = postSolution
		SolutionGuid = {8864DF67-FAF9-48C9-94B7-E765ECC49B67}
	EndGlobalSection
EndGlobal
